{
  "name": "crest",
  "version": "0.0.4",
  "lockfileVersion": 1,
  "requires": true,
  "dependencies": {
    "asn1": {
      "version": "0.1.11",
      "resolved": "https://registry.npmjs.org/asn1/-/asn1-0.1.11.tgz",
      "integrity": "sha1-VZvhg3bQik7E2+gId9J4GGObLfc="
    },
    "assert-plus": {
      "version": "0.1.2",
      "resolved": "https://registry.npmjs.org/assert-plus/-/assert-plus-0.1.2.tgz",
      "integrity": "sha1-2T/9u2esVQd3m+MWp9ZRRkF77vg="
    },
    "atob": {
      "version": "2.0.3",
      "resolved": "https://registry.npmjs.org/atob/-/atob-2.0.3.tgz",
      "integrity": "sha1-GcenYEc3dEaPILLS0DNyrX1Mv10="
    },
    "backoff": {
      "version": "2.0.0",
      "resolved": "https://registry.npmjs.org/backoff/-/backoff-2.0.0.tgz",
      "integrity": "sha1-tDlHdvkcKKNhBJBx3YkcADlP2AU="
    },
    "better-assert": {
      "version": "0.1.0",
      "resolved": "https://registry.npmjs.org/better-assert/-/better-assert-0.1.0.tgz",
      "integrity": "sha1-M7Ty8KQzb/inNEggUWAwkVJrop4=",
      "dev": true,
      "requires": {
        "callsite": "1.0.0"
      }
    },
    "bson": {
      "version": "0.4.23",
      "resolved": "https://registry.npmjs.org/bson/-/bson-0.4.23.tgz",
      "integrity": "sha1-5louPHUH/63kEJvHV1p25Q+NqRU="
    },
    "bunyan": {
      "version": "0.20.0",
      "resolved": "https://registry.npmjs.org/bunyan/-/bunyan-0.20.0.tgz",
      "integrity": "sha1-Rru8LcanRCvb3bFbMSTu1GsB6UE=",
      "requires": {
        "dtrace-provider": "0.2.8",
        "mv": "0.0.5"
      }
    },
    "callsite": {
      "version": "1.0.0",
      "resolved": "https://registry.npmjs.org/callsite/-/callsite-1.0.0.tgz",
      "integrity": "sha1-KAOY5dZkvXQDi28JBRU+borxvCA=",
      "dev": true
    },
    "commander": {
      "version": "0.6.1",
      "resolved": "https://registry.npmjs.org/commander/-/commander-0.6.1.tgz",
      "integrity": "sha1-+mihT2qUXVTbvlDYzbMyDp47GgY=",
      "dev": true
    },
    "cookiejar": {
      "version": "1.3.0",
      "resolved": "https://registry.npmjs.org/cookiejar/-/cookiejar-1.3.0.tgz",
      "integrity": "sha1-3QCzVnkCHpnL1OhVua0EGRNHR2U=",
      "dev": true
    },
    "core-util-is": {
      "version": "1.0.2",
      "resolved": "https://registry.npmjs.org/core-util-is/-/core-util-is-1.0.2.tgz",
      "integrity": "sha1-tf1UIgqivFq1eqtxQMlAdUUDwac="
    },
    "ctype": {
      "version": "0.5.2",
      "resolved": "https://registry.npmjs.org/ctype/-/ctype-0.5.2.tgz",
      "integrity": "sha1-/oCR1Gijc6Cwyf+Lv7NCXACXOh0="
    },
    "debug": {
      "version": "3.1.0",
      "resolved": "https://registry.npmjs.org/debug/-/debug-3.1.0.tgz",
      "integrity": "sha512-OX8XqP7/1a9cqkxYw2yXss15f26NKWBpDXQd0/uK/KPqdQhxbPa994hnzjcE2VqQpDslf55723cKPUOGSmMY3g==",
      "dev": true,
      "requires": {
        "ms": "2.0.0"
      },
      "dependencies": {
        "ms": {
          "version": "2.0.0",
          "resolved": "https://registry.npmjs.org/ms/-/ms-2.0.0.tgz",
          "integrity": "sha1-VgiurfwAvmwpAd9fmGF4jeDVl8g=",
          "dev": true
        }
      }
    },
    "deep-equal": {
      "version": "0.0.0",
      "resolved": "https://registry.npmjs.org/deep-equal/-/deep-equal-0.0.0.tgz",
      "integrity": "sha1-mWedO70EcVb81FDT0B7rkGhpHoM="
    },
    "diff": {
      "version": "1.0.2",
      "resolved": "https://registry.npmjs.org/diff/-/diff-1.0.2.tgz",
      "integrity": "sha1-Suc/Gu6Nb89ITxoc53zmUdm38Mk=",
      "dev": true
    },
    "dtrace-provider": {
      "version": "0.2.8",
      "resolved": "https://registry.npmjs.org/dtrace-provider/-/dtrace-provider-0.2.8.tgz",
      "integrity": "sha1-4kPxkhmqlfvw2PL/sH9b1k6U/iA=",
      "optional": true
    },
    "emitter-component": {
      "version": "0.0.6",
      "resolved": "https://registry.npmjs.org/emitter-component/-/emitter-component-0.0.6.tgz",
      "integrity": "sha1-wVXYL20MAbW+6FbVgHSkzFl5W8o=",
      "dev": true
    },
    "es6-promise": {
      "version": "2.1.1",
      "resolved": "https://registry.npmjs.org/es6-promise/-/es6-promise-2.1.1.tgz",
      "integrity": "sha1-A+jzxyl5KOVHjWqx0GQyUVB73t0="
    },
    "extsprintf": {
      "version": "1.0.0",
      "resolved": "https://registry.npmjs.org/extsprintf/-/extsprintf-1.0.0.tgz",
      "integrity": "sha1-TVi4Fazlvr/E6/A8+YsKdgSpm4Y="
    },
    "formidable": {
      "version": "1.0.11",
      "resolved": "https://registry.npmjs.org/formidable/-/formidable-1.0.11.tgz",
      "integrity": "sha1-aPYzJaA15kS297s9ESQ7l2HeGzA="
    },
    "growl": {
      "version": "1.7.0",
      "resolved": "https://registry.npmjs.org/growl/-/growl-1.7.0.tgz",
      "integrity": "sha1-3i1mE20ALhErpw8/EMMc98NQsto=",
      "dev": true
    },
    "http-signature": {
      "version": "0.9.11",
      "resolved": "https://registry.npmjs.org/http-signature/-/http-signature-0.9.11.tgz",
      "integrity": "sha1-nognFFcjFeZ5Cl0KeVXv/x8Z5lM=",
      "requires": {
        "asn1": "0.1.11",
        "assert-plus": "0.1.2",
        "ctype": "0.5.2"
      }
    },
    "inherits": {
      "version": "2.0.3",
      "resolved": "https://registry.npmjs.org/inherits/-/inherits-2.0.3.tgz",
      "integrity": "sha1-Yzwsg+PaQqUC9SRmAiSA9CCCYd4="
    },
    "isarray": {
      "version": "0.0.1",
      "resolved": "https://registry.npmjs.org/isarray/-/isarray-0.0.1.tgz",
      "integrity": "sha1-ihis/Kmo9Bd+Cav8YDiTmwXR7t8="
    },
    "jade": {
      "version": "0.26.3",
      "resolved": "https://registry.npmjs.org/jade/-/jade-0.26.3.tgz",
      "integrity": "sha1-jxDXl32NefL2/4YqgbBRPMslaGw=",
      "dev": true,
      "requires": {
        "commander": "0.6.1",
        "mkdirp": "0.3.0"
      },
      "dependencies": {
        "mkdirp": {
          "version": "0.3.0",
          "resolved": "https://registry.npmjs.org/mkdirp/-/mkdirp-0.3.0.tgz",
          "integrity": "sha1-G79asbqCevI1dRQ0kEJkVfSB/h4=",
          "dev": true
        }
      }
    },
    "keep-alive-agent": {
      "version": "0.0.1",
      "resolved": "https://registry.npmjs.org/keep-alive-agent/-/keep-alive-agent-0.0.1.tgz",
      "integrity": "sha1-RIR8o5TOjWtSGuhYFr1kUJlCs4U="
    },
    "kerberos": {
      "version": "0.0.23",
      "resolved": "https://registry.npmjs.org/kerberos/-/kerberos-0.0.23.tgz",
      "integrity": "sha1-aqRq/bl4bGkZOIzFtAjwEscfD9E=",
      "requires": {
        "nan": "2.5.1"
      }
    },
    "lru-cache": {
      "version": "2.2.2",
      "resolved": "https://registry.npmjs.org/lru-cache/-/lru-cache-2.2.2.tgz",
      "integrity": "sha1-YrlaEMx/jYXzc3UG/oLNzz+gTUs="
    },
    "methods": {
      "version": "0.0.1",
      "resolved": "https://registry.npmjs.org/methods/-/methods-0.0.1.tgz",
      "integrity": "sha1-J3yQ+L7zlwlkWoNxxRw7bGSOBow=",
      "dev": true
    },
    "mime": {
      "version": "1.2.9",
      "resolved": "https://registry.npmjs.org/mime/-/mime-1.2.9.tgz",
      "integrity": "sha1-AJzUCGe9Nd5SGzuWbwTi+NTRPQk="
    },
    "mkdirp": {
      "version": "0.3.3",
      "resolved": "https://registry.npmjs.org/mkdirp/-/mkdirp-0.3.3.tgz",
      "integrity": "sha1-WV4lHBNww6aLqyE20ONIuBBa3xM=",
      "dev": true
    },
    "mocha": {
      "version": "1.8.2",
      "resolved": "https://registry.npmjs.org/mocha/-/mocha-1.8.2.tgz",
      "integrity": "sha1-+2sdB9mPLrpBhUaETDvgcx9145A=",
      "dev": true,
      "requires": {
        "commander": "0.6.1",
        "debug": "3.1.0",
        "diff": "1.0.2",
        "growl": "1.7.0",
        "jade": "0.26.3",
        "mkdirp": "0.3.3",
        "ms": "0.3.0"
      }
    },
    "mongodb": {
      "version": "2.0.55",
      "resolved": "https://registry.npmjs.org/mongodb/-/mongodb-2.0.55.tgz",
      "integrity": "sha1-oJ3Xcln2u6affdWSoBHBGqV2EJc=",
      "requires": {
        "es6-promise": "2.1.1",
        "mongodb-core": "1.2.31",
        "readable-stream": "1.0.31"
      }
    },
    "mongodb-core": {
      "version": "1.2.31",
      "resolved": "https://registry.npmjs.org/mongodb-core/-/mongodb-core-1.2.31.tgz",
      "integrity": "sha1-8eZAXwPUCEb9uDinAlB6/6PLLDk=",
      "requires": {
        "bson": "0.4.23"
      }
    },
    "ms": {
      "version": "0.3.0",
      "resolved": "https://registry.npmjs.org/ms/-/ms-0.3.0.tgz",
      "integrity": "sha1-A+3DSNYT5mpWSGz9rFO8vomcvWE=",
      "dev": true
    },
    "mv": {
      "version": "0.0.5",
      "resolved": "https://registry.npmjs.org/mv/-/mv-0.0.5.tgz",
      "integrity": "sha1-FerHWUeYhN8RMdbeVrziC2VPU5E=",
      "optional": true
    },
    "nan": {
      "version": "2.5.1",
      "resolved": "https://registry.npmjs.org/nan/-/nan-2.5.1.tgz",
      "integrity": "sha1-1bAWkSUzJql6K77p5hxV2NYDUeI="
    },
    "negotiator": {
      "version": "0.2.5",
      "resolved": "https://registry.npmjs.org/negotiator/-/negotiator-0.2.5.tgz",
      "integrity": "sha1-Eux7Sp87TIlMMdjE7AFZJbpUfuw="
    },
    "node-uuid": {
      "version": "1.4.0",
      "resolved": "https://registry.npmjs.org/node-uuid/-/node-uuid-1.4.0.tgz",
      "integrity": "sha1-B/myM3Vy/2J1x3Xh1IUT86RdemU="
    },
    "once": {
      "version": "1.1.1",
      "resolved": "https://registry.npmjs.org/once/-/once-1.1.1.tgz",
      "integrity": "sha1-nbV0kzzLCMOnYU0VQDLAnqbzOec="
    },
    "qs": {
      "version": "0.5.3",
      "resolved": "https://registry.npmjs.org/qs/-/qs-0.5.3.tgz",
      "integrity": "sha1-H2qF1ieA3owLO4wQkOOeHDFvMG8="
    },
    "readable-stream": {
      "version": "1.0.31",
      "resolved": "https://registry.npmjs.org/readable-stream/-/readable-stream-1.0.31.tgz",
      "integrity": "sha1-jyUC4LyeOw2huUUgqrtOJgPsr64=",
      "requires": {
        "core-util-is": "1.0.2",
        "inherits": "2.0.3",
        "isarray": "0.0.1",
        "string_decoder": "0.10.31"
      }
    },
    "restify": {
      "version": "2.3.5",
      "resolved": "https://registry.npmjs.org/restify/-/restify-2.3.5.tgz",
      "integrity": "sha1-8YJZbhhT884VgUKawuM8fknppKw=",
      "requires": {
        "assert-plus": "0.1.2",
        "backoff": "2.0.0",
        "bunyan": "0.20.0",
        "deep-equal": "0.0.0",
        "dtrace-provider": "0.2.8",
        "formidable": "1.0.11",
        "http-signature": "0.9.11",
        "keep-alive-agent": "0.0.1",
        "lru-cache": "2.2.2",
        "mime": "1.2.9",
        "negotiator": "0.2.5",
        "node-uuid": "1.4.0",
        "once": "1.1.1",
        "qs": "0.5.3",
        "semver": "1.1.2",
        "spdy": "1.4.6",
        "verror": "1.3.5"
      }
    },
    "semver": {
      "version": "1.1.2",
      "resolved": "https://registry.npmjs.org/semver/-/semver-1.1.2.tgz",
      "integrity": "sha1-9shR3LJ3awqnryKU2tr2ziDeiX4="
    },
    "spdy": {
      "version": "1.4.6",
      "resolved": "https://registry.npmjs.org/spdy/-/spdy-1.4.6.tgz",
      "integrity": "sha1-5xndXNf/HNYpNukDeQy+4FJgQCU="
    },
    "string_decoder": {
      "version": "0.10.31",
      "resolved": "https://registry.npmjs.org/string_decoder/-/string_decoder-0.10.31.tgz",
      "integrity": "sha1-YuIDvEF2bGwoyfyEMB2rHFMQ+pQ="
    },
    "superagent": {
      "version": "0.10.0",
      "resolved": "https://registry.npmjs.org/superagent/-/superagent-0.10.0.tgz",
      "integrity": "sha1-KLu2WGWd8yf20rJe8bnUm6AiAVQ=",
      "dev": true,
      "requires": {
        "better-assert": "0.1.0",
        "cookiejar": "1.3.0",
        "emitter-component": "0.0.6",
        "formidable": "1.0.9",
        "methods": "0.0.1",
        "mime": "1.2.5",
        "qs": "0.5.2"
      },
      "dependencies": {
        "formidable": {
          "version": "1.0.9",
          "resolved": "https://registry.npmjs.org/formidable/-/formidable-1.0.9.tgz",
          "integrity": "sha1-QZ47zOrT6IdNU59bPnKkxQOzGpg=",
          "dev": true
        },
        "mime": {
          "version": "1.2.5",
          "resolved": "https://registry.npmjs.org/mime/-/mime-1.2.5.tgz",
          "integrity": "sha1-nu0HMCKov14WyFZsaGe4gyv7+hM=",
          "dev": true
        },
        "qs": {
          "version": "0.5.2",
          "resolved": "https://registry.npmjs.org/qs/-/qs-0.5.2.tgz",
          "integrity": "sha1-5XNKy3AJ+5GOgA/VxgwvW5Sn/0M=",
          "dev": true
        }
      }
    },
    "supertest": {
      "version": "0.5.1",
      "resolved": "https://registry.npmjs.org/supertest/-/supertest-0.5.1.tgz",
      "integrity": "sha1-IJh5fLaFoleOmxQr8CQPoiobhsE=",
      "dev": true,
      "requires": {
        "methods": "0.0.1",
        "superagent": "0.10.0"
      }
    },
    "verror": {
      "version": "1.3.5",
      "resolved": "https://registry.npmjs.org/verror/-/verror-1.3.5.tgz",
      "integrity": "sha1-XS0K9HRii/aXnyXuhpQHr5oUjDI=",
      "requires": {
        "extsprintf": "1.0.0"
      }
    }
  }
}
